
Microsoft Visual Studio Solution File, Format Version 12.00
# Visual Studio Version 16
VisualStudioVersion = 16.0.29209.62
MinimumVisualStudioVersion = 10.0.40219.1
Project("{FAE04EC0-301F-11D3-BF4B-00C04F79EFBC}") = "JobTracker", "JobTracker\JobTracker.csproj", "{768168D3-57EF-4C3F-95E1-DF049A7CD943}"
EndProject
Project("{FAE04EC0-301F-11D3-BF4B-00C04F79EFBC}") = "DataAccessLayer", "DataAccessLayer\DataAccessLayer.csproj", "{1542D7A3-0F1F-4ED5-897A-1286AC3B7F23}"
EndProject
Project("{FAE04EC0-301F-11D3-BF4B-00C04F79EFBC}") = "PDFEditor", "PDFEditor\PDFEditor.csproj", "{30F967C7-9FD6-4475-9E3D-B8C1C7678E11}"
EndProject
Project("{FAE04EC0-301F-11D3-BF4B-00C04F79EFBC}") = "JTToaster", "JTToaster\JTToaster.csproj", "{080D8A83-A910-4E3C-972D-8D58B1296984}"
EndProject
Project("{FAE04EC0-301F-11D3-BF4B-00C04F79EFBC}") = "JTUpdater", "JTUpdater\JTUpdater.csproj", "{BA1A5F3B-9D18-4592-8F79-1A20B83D1D3D}"
EndProject
Project("{FAE04EC0-301F-11D3-BF4B-00C04F79EFBC}") = "Common", "Common\Common.csproj", "{F0BE5C72-FB0C-42BF-831C-A36DAAA31703}"
EndProject
Global
	GlobalSection(SolutionConfigurationPlatforms) = preSolution
		Debug|Any CPU = Debug|Any CPU
		Release|Any CPU = Release|Any CPU
	EndGlobalSection
	GlobalSection(ProjectConfigurationPlatforms) = postSolution
		{768168D3-57EF-4C3F-95E1-DF049A7CD943}.Debug|Any CPU.ActiveCfg = Debug|Any CPU
		{768168D3-57EF-4C3F-95E1-DF049A7CD943}.Debug|Any CPU.Build.0 = Debug|Any CPU
		{768168D3-57EF-4C3F-95E1-DF049A7CD943}.Release|Any CPU.ActiveCfg = Release|Any CPU
		{768168D3-57EF-4C3F-95E1-DF049A7CD943}.Release|Any CPU.Build.0 = Release|Any CPU
		{1542D7A3-0F1F-4ED5-897A-1286AC3B7F23}.Debug|Any CPU.ActiveCfg = Debug|Any CPU
		{1542D7A3-0F1F-4ED5-897A-1286AC3B7F23}.Debug|Any CPU.Build.0 = Debug|Any CPU
		{1542D7A3-0F1F-4ED5-897A-1286AC3B7F23}.Release|Any CPU.ActiveCfg = Release|Any CPU
		{1542D7A3-0F1F-4ED5-897A-1286AC3B7F23}.Release|Any CPU.Build.0 = Release|Any CPU
		{30F967C7-9FD6-4475-9E3D-B8C1C7678E11}.Debug|Any CPU.ActiveCfg = Debug|Any CPU
		{30F967C7-9FD6-4475-9E3D-B8C1C7678E11}.Debug|Any CPU.Build.0 = Debug|Any CPU
		{30F967C7-9FD6-4475-9E3D-B8C1C7678E11}.Release|Any CPU.ActiveCfg = Release|Any CPU
		{30F967C7-9FD6-4475-9E3D-B8C1C7678E11}.Release|Any CPU.Build.0 = Release|Any CPU
		{080D8A83-A910-4E3C-972D-8D58B1296984}.Debug|Any CPU.ActiveCfg = Debug|Any CPU
		{080D8A83-A910-4E3C-972D-8D58B1296984}.Debug|Any CPU.Build.0 = Debug|Any CPU
		{080D8A83-A910-4E3C-972D-8D58B1296984}.Release|Any CPU.ActiveCfg = Release|Any CPU
		{080D8A83-A910-4E3C-972D-8D58B1296984}.Release|Any CPU.Build.0 = Release|Any CPU
		{BA1A5F3B-9D18-4592-8F79-1A20B83D1D3D}.Debug|Any CPU.ActiveCfg = Debug|Any CPU
		{BA1A5F3B-9D18-4592-8F79-1A20B83D1D3D}.Debug|Any CPU.Build.0 = Debug|Any CPU
		{BA1A5F3B-9D18-4592-8F79-1A20B83D1D3D}.Release|Any CPU.ActiveCfg = Release|Any CPU
		{BA1A5F3B-9D18-4592-8F79-1A20B83D1D3D}.Release|Any CPU.Build.0 = Release|Any CPU
		{F0BE5C72-FB0C-42BF-831C-A36DAAA31703}.Debug|Any CPU.ActiveCfg = Debug|Any CPU
		{F0BE5C72-FB0C-42BF-831C-A36DAAA31703}.Debug|Any CPU.Build.0 = Debug|Any CPU
		{F0BE5C72-FB0C-42BF-831C-A36DAAA31703}.Release|Any CPU.ActiveCfg = Release|Any CPU
		{F0BE5C72-FB0C-42BF-831C-A36DAAA31703}.Release|Any CPU.Build.0 = Release|Any CPU
	EndGlobalSection
	GlobalSection(SolutionProperties) = preSolution
		HideSolutionNode = FALSE
	EndGlobalSection
	GlobalSection(ExtensibilityGlobals) = postSolution
		SolutionGuid = {3A9FBD94-8CA5-48FE-BFF5-0F9C43822288}
	EndGlobalSection
EndGlobal
